<?xml version="1.0" encoding="utf-8"?>
<Project ToolsVersion="4.0" xmlns="http://schemas.microsoft.com/developer/msbuild/2003">
  <ItemGroup>
    <Filter Include="Source Files">
      <UniqueIdentifier>{4FC737F1-C7A5-4376-A066-2A32D752A2FF}</UniqueIdentifier>
      <Extensions>cpp;c;cc;cxx;c++;cppm;ixx;def;odl;idl;hpj;bat;asm;asmx</Extensions>
    </Filter>
    <Filter Include="Header Files">
      <UniqueIdentifier>{93995380-89BD-4b04-88EB-625FBE52EBFB}</UniqueIdentifier>
      <Extensions>h;hh;hpp;hxx;h++;hm;inl;inc;ipp;xsd</Extensions>
    </Filter>
    <Filter Include="Resource Files">
      <UniqueIdentifier>{67DA6AB6-F800-4c08-8B7A-83BB121AAD01}</UniqueIdentifier>
      <Extensions>rc;ico;cur;bmp;dlg;rc2;rct;bin;rgs;gif;jpg;jpeg;jpe;resx;tiff;tif;png;wav;mfcribbon-ms</Extensions>
    </Filter>
  </ItemGroup>
  <ItemGroup>
    <ClInclude Include="external\stb_image.h">
      <Filter>Header Files</Filter>
    </ClInclude>
    <ClInclude Include="src\InariKonKon\Graphics\OpenGL.hpp">
      <Filter>Header Files</Filter>
    </ClInclude>
  </ItemGroup>
  <ItemGroup>
    <ClCompile Include="external\glad\src\gl.c">
      <Filter>Source Files</Filter>
    </ClCompile>
    <ClCompile Include="src\InariKonKon\Application\Application.ixx">
      <Filter>Source Files</Filter>
    </ClCompile>
    <ClCompile Include="src\InariKonKon\InariKonKon.ixx">
      <Filter>Source Files</Filter>
    </ClCompile>
    <ClCompile Include="src\InariKonKon\Utility\Color.ixx">
      <Filter>Source Files</Filter>
    </ClCompile>
    <ClCompile Include="src\InariKonKon\Utility\Clock.ixx">
      <Filter>Source Files</Filter>
    </ClCompile>
    <ClCompile Include="src\InariKonKon\Utility\Time.ixx">
      <Filter>Source Files</Filter>
    </ClCompile>
    <ClCompile Include="src\InariKonKon\Window\Window.ixx">
      <Filter>Source Files</Filter>
    </ClCompile>
    <ClCompile Include="src\InariKonKon\Window\VideoMode.ixx">
      <Filter>Source Files</Filter>
    </ClCompile>
    <ClCompile Include="src\InariKonKon\Window\Context\Context.ixx">
      <Filter>Source Files</Filter>
    </ClCompile>
    <ClCompile Include="src\InariKonKon\Utility\Singleton.ixx">
      <Filter>Source Files</Filter>
    </ClCompile>
    <ClCompile Include="src\InariKonKon\Utility\NonCopyable.ixx">
      <Filter>Source Files</Filter>
    </ClCompile>
    <ClCompile Include="src\InariKonKon\Window\Event\Event.ixx">
      <Filter>Source Files</Filter>
    </ClCompile>
    <ClCompile Include="src\InariKonKon\Window\Event\EventManager.ixx">
      <Filter>Source Files</Filter>
    </ClCompile>
    <ClCompile Include="src\InariKonKon\Scene\Scene.ixx">
      <Filter>Source Files</Filter>
    </ClCompile>
    <ClCompile Include="src\InariKonKon\Scene\SceneManager.ixx">
      <Filter>Source Files</Filter>
    </ClCompile>
    <ClCompile Include="src\InariKonKon\Utility\Typedefs.ixx">
      <Filter>Source Files</Filter>
    </ClCompile>
    <ClCompile Include="src\InariKonKon\Utility\Math\Vector2.ixx">
      <Filter>Source Files</Filter>
    </ClCompile>
    <ClCompile Include="src\InariKonKon\Utility\Math\Vector3.ixx">
      <Filter>Source Files</Filter>
    </ClCompile>
    <ClCompile Include="src\InariKonKon\Utility\Math\Matrix.ixx">
      <Filter>Source Files</Filter>
    </ClCompile>
    <ClCompile Include="src\InariKonKon\Utility\Math\Rect.ixx">
      <Filter>Source Files</Filter>
    </ClCompile>
    <ClCompile Include="src\InariKonKon\Utility\Math\MathFuncs.ixx">
      <Filter>Source Files</Filter>
    </ClCompile>
    <ClCompile Include="src\InariKonKon\Graphics\OpenGLObject.ixx">
      <Filter>Source Files</Filter>
    </ClCompile>
    <ClCompile Include="src\InariKonKon\Graphics\RenderState.ixx">
      <Filter>Source Files</Filter>
    </ClCompile>
    <ClCompile Include="src\InariKonKon\Graphics\DrawEnums.ixx">
      <Filter>Source Files</Filter>
    </ClCompile>
    <ClCompile Include="src\InariKonKon\Graphics\Drawable.ixx">
      <Filter>Source Files</Filter>
    </ClCompile>
    <ClCompile Include="src\InariKonKon\Graphics\Camera\Camera.ixx">
      <Filter>Source Files</Filter>
    </ClCompile>
    <ClCompile Include="src\InariKonKon\Graphics\Shader\Shader.ixx">
      <Filter>Source Files</Filter>
    </ClCompile>
    <ClCompile Include="src\InariKonKon\Graphics\Texture\Texture.ixx">
      <Filter>Source Files</Filter>
    </ClCompile>
    <ClCompile Include="src\InariKonKon\Graphics\Vertex\Vertex.ixx">
      <Filter>Source Files</Filter>
    </ClCompile>
    <ClCompile Include="src\InariKonKon\Graphics\Transform\Transform.ixx">
      <Filter>Source Files</Filter>
    </ClCompile>
    <ClCompile Include="src\InariKonKon\Graphics\Transform\Transformable.ixx">
      <Filter>Source Files</Filter>
    </ClCompile>
    <ClCompile Include="src\InariKonKon\Graphics\Buffers\UniformBuffer.ixx">
      <Filter>Source Files</Filter>
    </ClCompile>
    <ClCompile Include="src\InariKonKon\Graphics\Buffers\VertexBufferObject.ixx">
      <Filter>Source Files</Filter>
    </ClCompile>
    <ClCompile Include="src\InariKonKon\Graphics\Buffers\VertexArrayObject.ixx">
      <Filter>Source Files</Filter>
    </ClCompile>
    <ClCompile Include="src\InariKonKon\Graphics\Buffers\ElementBufferObject.ixx">
      <Filter>Source Files</Filter>
    </ClCompile>
  </ItemGroup>
</Project>