<?xml version="1.0" encoding="utf-8"?>
<Project ToolsVersion="4.0" xmlns="http://schemas.microsoft.com/developer/msbuild/2003">
  <ItemGroup>
    <Filter Include="Source Files">
      <UniqueIdentifier>{4FC737F1-C7A5-4376-A066-2A32D752A2FF}</UniqueIdentifier>
      <Extensions>cpp;c;cc;cxx;c++;cppm;ixx;def;odl;idl;hpj;bat;asm;asmx</Extensions>
    </Filter>
    <Filter Include="Header Files">
      <UniqueIdentifier>{93995380-89BD-4b04-88EB-625FBE52EBFB}</UniqueIdentifier>
      <Extensions>h;hh;hpp;hxx;h++;hm;inl;inc;ipp;xsd</Extensions>
    </Filter>
    <Filter Include="Resource Files">
      <UniqueIdentifier>{67DA6AB6-F800-4c08-8B7A-83BB121AAD01}</UniqueIdentifier>
      <Extensions>rc;ico;cur;bmp;dlg;rc2;rct;bin;rgs;gif;jpg;jpeg;jpe;resx;tiff;tif;png;wav;mfcribbon-ms</Extensions>
    </Filter>
  </ItemGroup>
  <ItemGroup>
    <ClInclude Include="include\InariKonKon.hpp">
      <Filter>Header Files</Filter>
    </ClInclude>
    <ClInclude Include="include\InariKonKon\Application\Application.hpp">
      <Filter>Header Files</Filter>
    </ClInclude>
    <ClInclude Include="include\InariKonKon\Window\Window.hpp">
      <Filter>Header Files</Filter>
    </ClInclude>
    <ClInclude Include="include\InariKonKon\Utility\Math\Vector2.hpp">
      <Filter>Header Files</Filter>
    </ClInclude>
    <ClInclude Include="include\InariKonKon\Window\VideoMode.hpp">
      <Filter>Header Files</Filter>
    </ClInclude>
    <ClInclude Include="include\InariKonKon\Utility\Color.hpp">
      <Filter>Header Files</Filter>
    </ClInclude>
    <ClInclude Include="include\InariKonKon\Window\Event\Manager\EventManager.hpp">
      <Filter>Header Files</Filter>
    </ClInclude>
    <ClInclude Include="include\InariKonKon\Window\Event\Event.hpp">
      <Filter>Header Files</Filter>
    </ClInclude>
    <ClInclude Include="include\InariKonKon\Utility\Clock.hpp">
      <Filter>Header Files</Filter>
    </ClInclude>
    <ClInclude Include="include\InariKonKon\Utility\Time.hpp">
      <Filter>Header Files</Filter>
    </ClInclude>
    <ClInclude Include="include\InariKonKon\Scene\Manager\SceneManager.hpp">
      <Filter>Header Files</Filter>
    </ClInclude>
    <ClInclude Include="include\InariKonKon\Scene\Scene.hpp">
      <Filter>Header Files</Filter>
    </ClInclude>
    <ClInclude Include="include\InariKonKon\Graphics\OpenGLObject.hpp">
      <Filter>Header Files</Filter>
    </ClInclude>
    <ClInclude Include="include\InariKonKon\Utility\NonCopyable.hpp">
      <Filter>Header Files</Filter>
    </ClInclude>
    <ClInclude Include="include\InariKonKon\Utility\Singleton.hpp">
      <Filter>Header Files</Filter>
    </ClInclude>
    <ClInclude Include="include\InariKonKon\Graphics\Shader\Shader.hpp">
      <Filter>Header Files</Filter>
    </ClInclude>
    <ClInclude Include="src\InariKonKon\Window\Context\Context.hpp">
      <Filter>Header Files</Filter>
    </ClInclude>
    <ClInclude Include="include\InariKonKon\Graphics\Buffers\VertexBufferObject.hpp">
      <Filter>Header Files</Filter>
    </ClInclude>
    <ClInclude Include="include\InariKonKon\Graphics\Buffers\ElementBufferObject.hpp">
      <Filter>Header Files</Filter>
    </ClInclude>
    <ClInclude Include="include\InariKonKon\Graphics\Buffers\VertexArrayObject.hpp">
      <Filter>Header Files</Filter>
    </ClInclude>
    <ClInclude Include="include\InariKonKon\Graphics\Vertex\Vertex.hpp">
      <Filter>Header Files</Filter>
    </ClInclude>
    <ClInclude Include="include\InariKonKon\Graphics\Drawable.hpp">
      <Filter>Header Files</Filter>
    </ClInclude>
    <ClInclude Include="include\InariKonKon\Utility\Math\Vector3.hpp">
      <Filter>Header Files</Filter>
    </ClInclude>
    <ClInclude Include="include\InariKonKon\Utility\TypeDefs.hpp">
      <Filter>Header Files</Filter>
    </ClInclude>
    <ClInclude Include="include\InariKonKon\Graphics\Shapes\Triangle.hpp">
      <Filter>Header Files</Filter>
    </ClInclude>
    <ClInclude Include="include\InariKonKon\Utility\Math\Matrix.hpp">
      <Filter>Header Files</Filter>
    </ClInclude>
    <ClInclude Include="include\InariKonKon\Graphics\PostFX\PostEffects.hpp">
      <Filter>Header Files</Filter>
    </ClInclude>
    <ClInclude Include="include\InariKonKon\Graphics\PostFX\Manager\PostFXManager.hpp">
      <Filter>Header Files</Filter>
    </ClInclude>
    <ClInclude Include="include\InariKonKon\Graphics\Shapes\Quad.hpp">
      <Filter>Header Files</Filter>
    </ClInclude>
    <ClInclude Include="include\InariKonKon\Graphics\Camera\Camera.hpp">
      <Filter>Header Files</Filter>
    </ClInclude>
    <ClInclude Include="include\InariKonKon\Graphics\RenderState.hpp">
      <Filter>Header Files</Filter>
    </ClInclude>
    <ClInclude Include="include\InariKonKon\Graphics\Buffers\FrameBuffer.hpp">
      <Filter>Header Files</Filter>
    </ClInclude>
    <ClInclude Include="include\InariKonKon\Graphics\RenderTexture\RenderTexture.hpp">
      <Filter>Header Files</Filter>
    </ClInclude>
    <ClInclude Include="include\InariKonKon\Graphics\Texture\Texture.hpp">
      <Filter>Header Files</Filter>
    </ClInclude>
    <ClInclude Include="external\stb_image.h">
      <Filter>Header Files</Filter>
    </ClInclude>
    <ClInclude Include="include\InariKonKon\Graphics\DrawEnums.hpp">
      <Filter>Header Files</Filter>
    </ClInclude>
    <ClInclude Include="src\InariKonKon\Graphics\OpenGL.hpp">
      <Filter>Header Files</Filter>
    </ClInclude>
    <ClInclude Include="include\InariKonKon\Utility\Math\MathFunc.hpp">
      <Filter>Header Files</Filter>
    </ClInclude>
    <ClInclude Include="include\InariKonKon\Graphics\Transform\Transform.hpp">
      <Filter>Header Files</Filter>
    </ClInclude>
  </ItemGroup>
  <ItemGroup>
    <ClCompile Include="external\glad\src\gl.c">
      <Filter>Source Files</Filter>
    </ClCompile>
    <ClCompile Include="src\InariKonKon\Application\Application.cpp">
      <Filter>Source Files</Filter>
    </ClCompile>
    <ClCompile Include="src\InariKonKon\Window\Window.cpp">
      <Filter>Source Files</Filter>
    </ClCompile>
    <ClCompile Include="src\InariKonKon\Window\VideoMode.cpp">
      <Filter>Source Files</Filter>
    </ClCompile>
    <ClCompile Include="src\InariKonKon\Window\Event\Manager\EventManager.cpp">
      <Filter>Source Files</Filter>
    </ClCompile>
    <ClCompile Include="src\InariKonKon\Utility\Clock.cpp">
      <Filter>Source Files</Filter>
    </ClCompile>
    <ClCompile Include="src\InariKonKon\Scene\Manager\SceneManager.cpp">
      <Filter>Source Files</Filter>
    </ClCompile>
    <ClCompile Include="src\InariKonKon\Graphics\Shader\Shader.cpp">
      <Filter>Source Files</Filter>
    </ClCompile>
    <ClCompile Include="src\InariKonKon\Window\Context\Context.cpp">
      <Filter>Source Files</Filter>
    </ClCompile>
    <ClCompile Include="src\InariKonKon\Graphics\Buffers\VertexBufferObject.cpp">
      <Filter>Source Files</Filter>
    </ClCompile>
    <ClCompile Include="src\InariKonKon\Graphics\Buffers\ElementBufferObject.cpp">
      <Filter>Source Files</Filter>
    </ClCompile>
    <ClCompile Include="src\InariKonKon\Graphics\Buffers\VertexArrayObject.cpp">
      <Filter>Source Files</Filter>
    </ClCompile>
    <ClCompile Include="src\InariKonKon\Graphics\OpenGLObject.cpp">
      <Filter>Source Files</Filter>
    </ClCompile>
    <ClCompile Include="src\InariKonKon\Scene\Scene.cpp">
      <Filter>Source Files</Filter>
    </ClCompile>
    <ClCompile Include="src\InariKonKon\Graphics\Texture\Texture.cpp">
      <Filter>Source Files</Filter>
    </ClCompile>
  </ItemGroup>
</Project>